{
	"dependencies": {
		"arisu-app": {
			"path": "../arisu-app"
		},
		"arisu-image": {
			"path": "../arisu-image"
		},
		"arisu-text": {
			"path": "../arisu-text"
		},
		"glapi": {
			"commit": "382def7e3aa0437d36d586c9497d6508bbb2a80f",
			"git": "https://github.com/codebycruz/glapi"
		},
		"hood": {
			"commit": "7bd09dd50826d0b1e9cb5ca88b7fc427e91ed4fd",
			"git": "https://github.com/codebycruz/hood"
		},
		"vkapi": {
			"commit": "0430c92094c1b920a89b15c1326ee2eeadb6fdc5",
			"git": "https://github.com/codebycruz/vkapi"
		},
		"winapi": {
			"commit": "b3a6a8f040ad8216105317e0772b7b62eb783285",
			"git": "https://github.com/codebycruz/winapi",
			"optional": true
		},
		"winit": {
			"commit": "ed6af8864b130b84edcec7ce704c98c0cd189c6c",
			"git": "https://github.com/codebycruz/winit"
		},
		"x11api": {
			"commit": "65f9a61a4e6e489cfb6a8c1b94ef3dd3cec656b0",
			"git": "https://github.com/codebycruz/x11api",
			"optional": true
		}
	},
	"version": "1"
}
