{
	"dependencies": {
		"arisu-app": {
			"path": "../arisu-app"
		},
		"arisu-image": {
			"path": "../arisu-image"
		},
		"arisu-layout": {
			"path": "../arisu-layout"
		},
		"arisu-text": {
			"path": "../arisu-text"
		},
		"fs": {
			"commit": "f519d3bb12365715e1b07a4db132b96d95e30e3f",
			"git": "https://github.com/lde-org/fs"
		},
		"glapi": {
			"commit": "7c3512859b13eeae7a01f1a39c8dc9a1318d3929",
			"git": "https://github.com/bycruz/glapi"
		},
		"hood": {
			"commit": "f7d56218cd02895f4f3d019b9a253b645b234289",
			"git": "https://github.com/bycruz/hood"
		},
		"path": {
			"commit": "5beb4f67e09a943c8733a1625fb34f2de94a65df",
			"git": "https://github.com/lde-org/path"
		},
		"vkapi": {
			"commit": "a8ab76df250a6b1b37dbca759b20f40fea0bb2c0",
			"git": "https://github.com/bycruz/vkapi"
		},
		"winapi": {
			"commit": "893461f3cbf0fd9a0bcd3cf19a8873ceae3c7831",
			"git": "https://github.com/bycruz/winapi",
			"optional": true
		},
		"winit": {
			"commit": "d43f278a2512fdd33858608f5efe5f6df2ae1abd",
			"git": "https://github.com/bycruz/winit"
		},
		"x11api": {
			"commit": "af529c46d5563049040d692c004d842bb1b4e7a1",
			"git": "https://github.com/bycruz/x11api",
			"optional": true
		}
	},
	"version": "1"
}
