{
	"dependencies": {
		"arisu-app": {
			"path": "../arisu-app"
		},
		"arisu-image": {
			"path": "../arisu-image"
		},
		"arisu-layout": {
			"path": "../arisu-layout"
		},
		"arisu-text": {
			"path": "../arisu-text"
		},
		"fs": {
			"commit": "7babb8f41184dc80834fbf55a5528f39d6df111e",
			"git": "https://github.com/lde-org/fs.git"
		},
		"glapi": {
			"commit": "5a0a19b36de30f6d3200dcd7c13b32cbcb19497f",
			"git": "https://github.com/bycruz/glapi.git"
		},
		"hood": {
			"commit": "6622c4a119ac92e23c2de8eeec82c27095787aa4",
			"git": "https://github.com/bycruz/hood.git"
		},
		"path": {
			"commit": "72c972d5818a2b496666e00103f4d1b582c728fa",
			"git": "https://github.com/lde-org/path"
		},
		"treble": {
			"commit": "e87b584f9acd1ad218f044288f398eb97f8d9b38",
			"git": "https://github.com/bycruz/treble.git"
		},
		"vkapi": {
			"commit": "0b126912fa5ca091c940e575ecde295a3bb78429",
			"git": "https://github.com/bycruz/vkapi.git"
		},
		"winapi": {
			"commit": "c61a8ddf0d183e00188878d94260c184a61de9c1",
			"git": "https://github.com/bycruz/winapi.git",
			"optional": true
		},
		"winit": {
			"commit": "6ce1cd53c4b511f07e7c78cd2639d0107dfed56e",
			"git": "https://github.com/bycruz/winit.git"
		},
		"x11api": {
			"commit": "88b328ce3564ed1f84210c44d0952f7d7ac0cb29",
			"git": "https://github.com/bycruz/x11api.git",
			"optional": true
		}
	},
	"manifestHash": "54a95f2a23b6e346",
	"version": "1"
}
